
Microsoft Visual Studio Solution File, Format Version 12.00
# Visual Studio Version 17
VisualStudioVersion = 17.1.32319.34
MinimumVisualStudioVersion = 10.0.40219.1
Project("{FAE04EC0-301F-11D3-BF4B-00C04F79EFBC}") = "RevConnectAPI", "RevConnectAPI\RevConnectAPI.csproj", "{55E2AC68-14AA-41DE-8E65-1872A2AF133C}"
EndProject
Project("{FAE04EC0-301F-11D3-BF4B-00C04F79EFBC}") = "RevConnectAPI.Database", "RevConnectAPI.Database\RevConnectAPI.Database.csproj", "{1C1816B1-DC94-4D39-9E19-E7881282BEFC}"
EndProject
Project("{FAE04EC0-301F-11D3-BF4B-00C04F79EFBC}") = "RevConnectAPI.Tests", "RevConnectAPI.Tests\RevConnectAPI.Tests.csproj", "{60577EE8-454E-47B0-BA84-774465DDFCE9}"
EndProject
Global
	GlobalSection(SolutionConfigurationPlatforms) = preSolution
		Debug|Any CPU = Debug|Any CPU
		Release|Any CPU = Release|Any CPU
	EndGlobalSection
	GlobalSection(ProjectConfigurationPlatforms) = postSolution
		{55E2AC68-14AA-41DE-8E65-1872A2AF133C}.Debug|Any CPU.ActiveCfg = Debug|Any CPU
		{55E2AC68-14AA-41DE-8E65-1872A2AF133C}.Debug|Any CPU.Build.0 = Debug|Any CPU
		{55E2AC68-14AA-41DE-8E65-1872A2AF133C}.Release|Any CPU.ActiveCfg = Release|Any CPU
		{55E2AC68-14AA-41DE-8E65-1872A2AF133C}.Release|Any CPU.Build.0 = Release|Any CPU
		{1C1816B1-DC94-4D39-9E19-E7881282BEFC}.Debug|Any CPU.ActiveCfg = Debug|Any CPU
		{1C1816B1-DC94-4D39-9E19-E7881282BEFC}.Debug|Any CPU.Build.0 = Debug|Any CPU
		{1C1816B1-DC94-4D39-9E19-E7881282BEFC}.Release|Any CPU.ActiveCfg = Release|Any CPU
		{1C1816B1-DC94-4D39-9E19-E7881282BEFC}.Release|Any CPU.Build.0 = Release|Any CPU
		{60577EE8-454E-47B0-BA84-774465DDFCE9}.Debug|Any CPU.ActiveCfg = Debug|Any CPU
		{60577EE8-454E-47B0-BA84-774465DDFCE9}.Debug|Any CPU.Build.0 = Debug|Any CPU
		{60577EE8-454E-47B0-BA84-774465DDFCE9}.Release|Any CPU.ActiveCfg = Release|Any CPU
		{60577EE8-454E-47B0-BA84-774465DDFCE9}.Release|Any CPU.Build.0 = Release|Any CPU
	EndGlobalSection
	GlobalSection(SolutionProperties) = preSolution
		HideSolutionNode = FALSE
	EndGlobalSection
	GlobalSection(ExtensibilityGlobals) = postSolution
		SolutionGuid = {6B7188A2-12C2-4BC5-B127-F02DF65A284C}
	EndGlobalSection
EndGlobal
